// !$*UTF8*$!
{
	archiveVersion = 1;
	classes = {
	};
	objectVersion = 56;
	objects = {

/* Begin PBXBuildFile section */
		CF20F34A29FF538D00159FA9 /* APIError.swift in Sources */ = {isa = PBXBuildFile; fileRef = CF20F34929FF538D00159FA9 /* APIError.swift */; };
		CF98689829FE3CB20009299D /* Alamofire_TCAApp.swift in Sources */ = {isa = PBXBuildFile; fileRef = CF98689729FE3CB20009299D /* Alamofire_TCAApp.swift */; };
		CF98689A29FE3CB20009299D /* ContentView.swift in Sources */ = {isa = PBXBuildFile; fileRef = CF98689929FE3CB20009299D /* ContentView.swift */; };
		CF98689C29FE3CB30009299D /* Assets.xcassets in Resources */ = {isa = PBXBuildFile; fileRef = CF98689B29FE3CB30009299D /* Assets.xcassets */; };
		CF98689F29FE3CB30009299D /* Preview Assets.xcassets in Resources */ = {isa = PBXBuildFile; fileRef = CF98689E29FE3CB30009299D /* Preview Assets.xcassets */; };
		CF9868A729FE3CEF0009299D /* ComposableArchitecture in Frameworks */ = {isa = PBXBuildFile; productRef = CF9868A629FE3CEF0009299D /* ComposableArchitecture */; };
		CF9868A929FE3D670009299D /* Post.swift in Sources */ = {isa = PBXBuildFile; fileRef = CF9868A829FE3D670009299D /* Post.swift */; };
		CF9868AE29FE3E890009299D /* ApiClient.swift in Sources */ = {isa = PBXBuildFile; fileRef = CF9868AD29FE3E890009299D /* ApiClient.swift */; };
		CF9868B029FE3F3E0009299D /* PostFeature.swift in Sources */ = {isa = PBXBuildFile; fileRef = CF9868AF29FE3F3E0009299D /* PostFeature.swift */; };
		CF9D233A2A00AC51005FEAD3 /* Comment.swift in Sources */ = {isa = PBXBuildFile; fileRef = CF9D23392A00AC51005FEAD3 /* Comment.swift */; };
		CF9D233C2A00B01A005FEAD3 /* User.swift in Sources */ = {isa = PBXBuildFile; fileRef = CF9D233B2A00B01A005FEAD3 /* User.swift */; };
		CFD446232A00B29A004912E8 /* PostDetailView.swift in Sources */ = {isa = PBXBuildFile; fileRef = CFD446222A00B29A004912E8 /* PostDetailView.swift */; };
		CFD446252A00B548004912E8 /* CommentItem.swift in Sources */ = {isa = PBXBuildFile; fileRef = CFD446242A00B548004912E8 /* CommentItem.swift */; };
/* End PBXBuildFile section */

/* Begin PBXFileReference section */
		CF20F34929FF538D00159FA9 /* APIError.swift */ = {isa = PBXFileReference; lastKnownFileType = sourcecode.swift; path = APIError.swift; sourceTree = "<group>"; };
		CF98689429FE3CB20009299D /* Networking_TCA.app */ = {isa = PBXFileReference; explicitFileType = wrapper.application; includeInIndex = 0; path = Networking_TCA.app; sourceTree = BUILT_PRODUCTS_DIR; };
		CF98689729FE3CB20009299D /* Alamofire_TCAApp.swift */ = {isa = PBXFileReference; lastKnownFileType = sourcecode.swift; path = Alamofire_TCAApp.swift; sourceTree = "<group>"; };
		CF98689929FE3CB20009299D /* ContentView.swift */ = {isa = PBXFileReference; lastKnownFileType = sourcecode.swift; path = ContentView.swift; sourceTree = "<group>"; };
		CF98689B29FE3CB30009299D /* Assets.xcassets */ = {isa = PBXFileReference; lastKnownFileType = folder.assetcatalog; path = Assets.xcassets; sourceTree = "<group>"; };
		CF98689E29FE3CB30009299D /* Preview Assets.xcassets */ = {isa = PBXFileReference; lastKnownFileType = folder.assetcatalog; path = "Preview Assets.xcassets"; sourceTree = "<group>"; };
		CF9868A829FE3D670009299D /* Post.swift */ = {isa = PBXFileReference; lastKnownFileType = sourcecode.swift; path = Post.swift; sourceTree = "<group>"; };
		CF9868AD29FE3E890009299D /* ApiClient.swift */ = {isa = PBXFileReference; lastKnownFileType = sourcecode.swift; path = ApiClient.swift; sourceTree = "<group>"; };
		CF9868AF29FE3F3E0009299D /* PostFeature.swift */ = {isa = PBXFileReference; lastKnownFileType = sourcecode.swift; path = PostFeature.swift; sourceTree = "<group>"; };
		CF9D23392A00AC51005FEAD3 /* Comment.swift */ = {isa = PBXFileReference; lastKnownFileType = sourcecode.swift; path = Comment.swift; sourceTree = "<group>"; };
		CF9D233B2A00B01A005FEAD3 /* User.swift */ = {isa = PBXFileReference; lastKnownFileType = sourcecode.swift; path = User.swift; sourceTree = "<group>"; };
		CFD446222A00B29A004912E8 /* PostDetailView.swift */ = {isa = PBXFileReference; lastKnownFileType = sourcecode.swift; path = PostDetailView.swift; sourceTree = "<group>"; };
		CFD446242A00B548004912E8 /* CommentItem.swift */ = {isa = PBXFileReference; lastKnownFileType = sourcecode.swift; path = CommentItem.swift; sourceTree = "<group>"; };
/* End PBXFileReference section */

/* Begin PBXFrameworksBuildPhase section */
		CF98689129FE3CB20009299D /* Frameworks */ = {
			isa = PBXFrameworksBuildPhase;
			buildActionMask = 2147483647;
			files = (
				CF9868A729FE3CEF0009299D /* ComposableArchitecture in Frameworks */,
			);
			runOnlyForDeploymentPostprocessing = 0;
		};
/* End PBXFrameworksBuildPhase section */

/* Begin PBXGroup section */
		CF98688B29FE3CB20009299D = {
			isa = PBXGroup;
			children = (
				CF98689629FE3CB20009299D /* Alamofire_TCA */,
				CF98689529FE3CB20009299D /* Products */,
			);
			sourceTree = "<group>";
		};
		CF98689529FE3CB20009299D /* Products */ = {
			isa = PBXGroup;
			children = (
				CF98689429FE3CB20009299D /* Networking_TCA.app */,
			);
			name = Products;
			sourceTree = "<group>";
		};
		CF98689629FE3CB20009299D /* Alamofire_TCA */ = {
			isa = PBXGroup;
			children = (
				CF98689729FE3CB20009299D /* Alamofire_TCAApp.swift */,
				CF98689929FE3CB20009299D /* ContentView.swift */,
				CF98689B29FE3CB30009299D /* Assets.xcassets */,
				CF98689D29FE3CB30009299D /* Preview Content */,
				CF9D233D2A00B020005FEAD3 /* Model */,
				CF9868AD29FE3E890009299D /* ApiClient.swift */,
				CF9868AF29FE3F3E0009299D /* PostFeature.swift */,
				CF20F34929FF538D00159FA9 /* APIError.swift */,
				CFD446222A00B29A004912E8 /* PostDetailView.swift */,
			);
			path = Alamofire_TCA;
			sourceTree = "<group>";
		};
		CF98689D29FE3CB30009299D /* Preview Content */ = {
			isa = PBXGroup;
			children = (
				CF98689E29FE3CB30009299D /* Preview Assets.xcassets */,
			);
			path = "Preview Content";
			sourceTree = "<group>";
		};
		CF9D233D2A00B020005FEAD3 /* Model */ = {
			isa = PBXGroup;
			children = (
				CF9868A829FE3D670009299D /* Post.swift */,
				CF9D23392A00AC51005FEAD3 /* Comment.swift */,
				CF9D233B2A00B01A005FEAD3 /* User.swift */,
				CFD446242A00B548004912E8 /* CommentItem.swift */,
			);
			path = Model;
			sourceTree = "<group>";
		};
/* End PBXGroup section */

/* Begin PBXNativeTarget section */
		CF98689329FE3CB20009299D /* Networking_TCA */ = {
			isa = PBXNativeTarget;
			buildConfigurationList = CF9868A229FE3CB30009299D /* Build configuration list for PBXNativeTarget "Networking_TCA" */;
			buildPhases = (
				CF98689029FE3CB20009299D /* Sources */,
				CF98689129FE3CB20009299D /* Frameworks */,
				CF98689229FE3CB20009299D /* Resources */,
			);
			buildRules = (
			);
			dependencies = (
			);
			name = Networking_TCA;
			packageProductDependencies = (
				CF9868A629FE3CEF0009299D /* ComposableArchitecture */,
			);
			productName = Alamofire_TCA;
			productReference = CF98689429FE3CB20009299D /* Networking_TCA.app */;
			productType = "com.apple.product-type.application";
		};
/* End PBXNativeTarget section */

/* Begin PBXProject section */
		CF98688C29FE3CB20009299D /* Project object */ = {
			isa = PBXProject;
			attributes = {
				BuildIndependentTargetsInParallel = 1;
				LastSwiftUpdateCheck = 1430;
				LastUpgradeCheck = 1430;
				TargetAttributes = {
					CF98689329FE3CB20009299D = {
						CreatedOnToolsVersion = 14.3;
					};
				};
			};
			buildConfigurationList = CF98688F29FE3CB20009299D /* Build configuration list for PBXProject "Alamofire_TCA" */;
			compatibilityVersion = "Xcode 14.0";
			developmentRegion = en;
			hasScannedForEncodings = 0;
			knownRegions = (
				en,
				Base,
			);
			mainGroup = CF98688B29FE3CB20009299D;
			packageReferences = (
				CF9868A529FE3CEF0009299D /* XCRemoteSwiftPackageReference "swift-composable-architecture" */,
			);
			productRefGroup = CF98689529FE3CB20009299D /* Products */;
			projectDirPath = "";
			projectRoot = "";
			targets = (
				CF98689329FE3CB20009299D /* Networking_TCA */,
			);
		};
/* End PBXProject section */

/* Begin PBXResourcesBuildPhase section */
		CF98689229FE3CB20009299D /* Resources */ = {
			isa = PBXResourcesBuildPhase;
			buildActionMask = 2147483647;
			files = (
				CF98689F29FE3CB30009299D /* Preview Assets.xcassets in Resources */,
				CF98689C29FE3CB30009299D /* Assets.xcassets in Resources */,
			);
			runOnlyForDeploymentPostprocessing = 0;
		};
/* End PBXResourcesBuildPhase section */

/* Begin PBXSourcesBuildPhase section */
		CF98689029FE3CB20009299D /* Sources */ = {
			isa = PBXSourcesBuildPhase;
			buildActionMask = 2147483647;
			files = (
				CFD446252A00B548004912E8 /* CommentItem.swift in Sources */,
				CFD446232A00B29A004912E8 /* PostDetailView.swift in Sources */,
				CF9868A929FE3D670009299D /* Post.swift in Sources */,
				CF98689A29FE3CB20009299D /* ContentView.swift in Sources */,
				CF9868B029FE3F3E0009299D /* PostFeature.swift in Sources */,
				CF9D233A2A00AC51005FEAD3 /* Comment.swift in Sources */,
				CF9D233C2A00B01A005FEAD3 /* User.swift in Sources */,
				CF98689829FE3CB20009299D /* Alamofire_TCAApp.swift in Sources */,
				CF9868AE29FE3E890009299D /* ApiClient.swift in Sources */,
				CF20F34A29FF538D00159FA9 /* APIError.swift in Sources */,
			);
			runOnlyForDeploymentPostprocessing = 0;
		};
/* End PBXSourcesBuildPhase section */

/* Begin XCBuildConfiguration section */
		CF9868A029FE3CB30009299D /* Debug */ = {
			isa = XCBuildConfiguration;
			buildSettings = {
				ALWAYS_SEARCH_USER_PATHS = NO;
				CLANG_ANALYZER_NONNULL = YES;
				CLANG_ANALYZER_NUMBER_OBJECT_CONVERSION = YES_AGGRESSIVE;
				CLANG_CXX_LANGUAGE_STANDARD = "gnu++20";
				CLANG_ENABLE_MODULES = YES;
				CLANG_ENABLE_OBJC_ARC = YES;
				CLANG_ENABLE_OBJC_WEAK = YES;
				CLANG_WARN_BLOCK_CAPTURE_AUTORELEASING = YES;
				CLANG_WARN_BOOL_CONVERSION = YES;
				CLANG_WARN_COMMA = YES;
				CLANG_WARN_CONSTANT_CONVERSION = YES;
				CLANG_WARN_DEPRECATED_OBJC_IMPLEMENTATIONS = YES;
				CLANG_WARN_DIRECT_OBJC_ISA_USAGE = YES_ERROR;
				CLANG_WARN_DOCUMENTATION_COMMENTS = YES;
				CLANG_WARN_EMPTY_BODY = YES;
				CLANG_WARN_ENUM_CONVERSION = YES;
				CLANG_WARN_INFINITE_RECURSION = YES;
				CLANG_WARN_INT_CONVERSION = YES;
				CLANG_WARN_NON_LITERAL_NULL_CONVERSION = YES;
				CLANG_WARN_OBJC_IMPLICIT_RETAIN_SELF = YES;
				CLANG_WARN_OBJC_LITERAL_CONVERSION = YES;
				CLANG_WARN_OBJC_ROOT_CLASS = YES_ERROR;
				CLANG_WARN_QUOTED_INCLUDE_IN_FRAMEWORK_HEADER = YES;
				CLANG_WARN_RANGE_LOOP_ANALYSIS = YES;
				CLANG_WARN_STRICT_PROTOTYPES = YES;
				CLANG_WARN_SUSPICIOUS_MOVE = YES;
				CLANG_WARN_UNGUARDED_AVAILABILITY = YES_AGGRESSIVE;
				CLANG_WARN_UNREACHABLE_CODE = YES;
				CLANG_WARN__DUPLICATE_METHOD_MATCH = YES;
				COPY_PHASE_STRIP = NO;
				DEBUG_INFORMATION_FORMAT = dwarf;
				ENABLE_STRICT_OBJC_MSGSEND = YES;
				ENABLE_TESTABILITY = YES;
				GCC_C_LANGUAGE_STANDARD = gnu11;
				GCC_DYNAMIC_NO_PIC = NO;
				GCC_NO_COMMON_BLOCKS = YES;
				GCC_OPTIMIZATION_LEVEL = 0;
				GCC_PREPROCESSOR_DEFINITIONS = (
					"DEBUG=1",
					"$(inherited)",
				);
				GCC_WARN_64_TO_32_BIT_CONVERSION = YES;
				GCC_WARN_ABOUT_RETURN_TYPE = YES_ERROR;
				GCC_WARN_UNDECLARED_SELECTOR = YES;
				GCC_WARN_UNINITIALIZED_AUTOS = YES_AGGRESSIVE;
				GCC_WARN_UNUSED_FUNCTION = YES;
				GCC_WARN_UNUSED_VARIABLE = YES;
				IPHONEOS_DEPLOYMENT_TARGET = 16.4;
				MTL_ENABLE_DEBUG_INFO = INCLUDE_SOURCE;
				MTL_FAST_MATH = YES;
				ONLY_ACTIVE_ARCH = YES;
				SDKROOT = iphoneos;
				SWIFT_ACTIVE_COMPILATION_CONDITIONS = DEBUG;
				SWIFT_OPTIMIZATION_LEVEL = "-Onone";
			};
			name = Debug;
		};
		CF9868A129FE3CB30009299D /* Release */ = {
			isa = XCBuildConfiguration;
			buildSettings = {
				ALWAYS_SEARCH_USER_PATHS = NO;
				CLANG_ANALYZER_NONNULL = YES;
				CLANG_ANALYZER_NUMBER_OBJECT_CONVERSION = YES_AGGRESSIVE;
				CLANG_CXX_LANGUAGE_STANDARD = "gnu++20";
				CLANG_ENABLE_MODULES = YES;
				CLANG_ENABLE_OBJC_ARC = YES;
				CLANG_ENABLE_OBJC_WEAK = YES;
				CLANG_WARN_BLOCK_CAPTURE_AUTORELEASING = YES;
				CLANG_WARN_BOOL_CONVERSION = YES;
				CLANG_WARN_COMMA = YES;
				CLANG_WARN_CONSTANT_CONVERSION = YES;
				CLANG_WARN_DEPRECATED_OBJC_IMPLEMENTATIONS = YES;
				CLANG_WARN_DIRECT_OBJC_ISA_USAGE = YES_ERROR;
				CLANG_WARN_DOCUMENTATION_COMMENTS = YES;
				CLANG_WARN_EMPTY_BODY = YES;
				CLANG_WARN_ENUM_CONVERSION = YES;
				CLANG_WARN_INFINITE_RECURSION = YES;
				CLANG_WARN_INT_CONVERSION = YES;
				CLANG_WARN_NON_LITERAL_NULL_CONVERSION = YES;
				CLANG_WARN_OBJC_IMPLICIT_RETAIN_SELF = YES;
				CLANG_WARN_OBJC_LITERAL_CONVERSION = YES;
				CLANG_WARN_OBJC_ROOT_CLASS = YES_ERROR;
				CLANG_WARN_QUOTED_INCLUDE_IN_FRAMEWORK_HEADER = YES;
				CLANG_WARN_RANGE_LOOP_ANALYSIS = YES;
				CLANG_WARN_STRICT_PROTOTYPES = YES;
				CLANG_WARN_SUSPICIOUS_MOVE = YES;
				CLANG_WARN_UNGUARDED_AVAILABILITY = YES_AGGRESSIVE;
				CLANG_WARN_UNREACHABLE_CODE = YES;
				CLANG_WARN__DUPLICATE_METHOD_MATCH = YES;
				COPY_PHASE_STRIP = NO;
				DEBUG_INFORMATION_FORMAT = "dwarf-with-dsym";
				ENABLE_NS_ASSERTIONS = NO;
				ENABLE_STRICT_OBJC_MSGSEND = YES;
				GCC_C_LANGUAGE_STANDARD = gnu11;
				GCC_NO_COMMON_BLOCKS = YES;
				GCC_WARN_64_TO_32_BIT_CONVERSION = YES;
				GCC_WARN_ABOUT_RETURN_TYPE = YES_ERROR;
				GCC_WARN_UNDECLARED_SELECTOR = YES;
				GCC_WARN_UNINITIALIZED_AUTOS = YES_AGGRESSIVE;
				GCC_WARN_UNUSED_FUNCTION = YES;
				GCC_WARN_UNUSED_VARIABLE = YES;
				IPHONEOS_DEPLOYMENT_TARGET = 16.4;
				MTL_ENABLE_DEBUG_INFO = NO;
				MTL_FAST_MATH = YES;
				SDKROOT = iphoneos;
				SWIFT_COMPILATION_MODE = wholemodule;
				SWIFT_OPTIMIZATION_LEVEL = "-O";
				VALIDATE_PRODUCT = YES;
			};
			name = Release;
		};
		CF9868A329FE3CB30009299D /* Debug */ = {
			isa = XCBuildConfiguration;
			buildSettings = {
				ASSETCATALOG_COMPILER_APPICON_NAME = AppIcon;
				ASSETCATALOG_COMPILER_GLOBAL_ACCENT_COLOR_NAME = AccentColor;
				CODE_SIGN_STYLE = Automatic;
				CURRENT_PROJECT_VERSION = 1;
				DEVELOPMENT_ASSET_PATHS = "\"Alamofire_TCA/Preview Content\"";
				DEVELOPMENT_TEAM = EX6G2VC9J8;
				ENABLE_PREVIEWS = YES;
				GENERATE_INFOPLIST_FILE = YES;
				INFOPLIST_KEY_UIApplicationSceneManifest_Generation = YES;
				INFOPLIST_KEY_UIApplicationSupportsIndirectInputEvents = YES;
				INFOPLIST_KEY_UILaunchScreen_Generation = YES;
				INFOPLIST_KEY_UISupportedInterfaceOrientations_iPad = "UIInterfaceOrientationPortrait UIInterfaceOrientationPortraitUpsideDown UIInterfaceOrientationLandscapeLeft UIInterfaceOrientationLandscapeRight";
				INFOPLIST_KEY_UISupportedInterfaceOrientations_iPhone = "UIInterfaceOrientationPortrait UIInterfaceOrientationLandscapeLeft UIInterfaceOrientationLandscapeRight";
				LD_RUNPATH_SEARCH_PATHS = (
					"$(inherited)",
					"@executable_path/Frameworks",
				);
				MARKETING_VERSION = 1.0;
				PRODUCT_BUNDLE_IDENTIFIER = "com.dldmswo1209.Alamofire-TCA";
				PRODUCT_NAME = "$(TARGET_NAME)";
				SWIFT_EMIT_LOC_STRINGS = YES;
				SWIFT_VERSION = 5.0;
				TARGETED_DEVICE_FAMILY = "1,2";
			};
			name = Debug;
		};
		CF9868A429FE3CB30009299D /* Release */ = {
			isa = XCBuildConfiguration;
			buildSettings = {
				ASSETCATALOG_COMPILER_APPICON_NAME = AppIcon;
				ASSETCATALOG_COMPILER_GLOBAL_ACCENT_COLOR_NAME = AccentColor;
				CODE_SIGN_STYLE = Automatic;
				CURRENT_PROJECT_VERSION = 1;
				DEVELOPMENT_ASSET_PATHS = "\"Alamofire_TCA/Preview Content\"";
				DEVELOPMENT_TEAM = EX6G2VC9J8;
				ENABLE_PREVIEWS = YES;
				GENERATE_INFOPLIST_FILE = YES;
				INFOPLIST_KEY_UIApplicationSceneManifest_Generation = YES;
				INFOPLIST_KEY_UIApplicationSupportsIndirectInputEvents = YES;
				INFOPLIST_KEY_UILaunchScreen_Generation = YES;
				INFOPLIST_KEY_UISupportedInterfaceOrientations_iPad = "UIInterfaceOrientationPortrait UIInterfaceOrientationPortraitUpsideDown UIInterfaceOrientationLandscapeLeft UIInterfaceOrientationLandscapeRight";
				INFOPLIST_KEY_UISupportedInterfaceOrientations_iPhone = "UIInterfaceOrientationPortrait UIInterfaceOrientationLandscapeLeft UIInterfaceOrientationLandscapeRight";
				LD_RUNPATH_SEARCH_PATHS = (
					"$(inherited)",
					"@executable_path/Frameworks",
				);
				MARKETING_VERSION = 1.0;
				PRODUCT_BUNDLE_IDENTIFIER = "com.dldmswo1209.Alamofire-TCA";
				PRODUCT_NAME = "$(TARGET_NAME)";
				SWIFT_EMIT_LOC_STRINGS = YES;
				SWIFT_VERSION = 5.0;
				TARGETED_DEVICE_FAMILY = "1,2";
			};
			name = Release;
		};
/* End XCBuildConfiguration section */

/* Begin XCConfigurationList section */
		CF98688F29FE3CB20009299D /* Build configuration list for PBXProject "Alamofire_TCA" */ = {
			isa = XCConfigurationList;
			buildConfigurations = (
				CF9868A029FE3CB30009299D /* Debug */,
				CF9868A129FE3CB30009299D /* Release */,
			);
			defaultConfigurationIsVisible = 0;
			defaultConfigurationName = Release;
		};
		CF9868A229FE3CB30009299D /* Build configuration list for PBXNativeTarget "Networking_TCA" */ = {
			isa = XCConfigurationList;
			buildConfigurations = (
				CF9868A329FE3CB30009299D /* Debug */,
				CF9868A429FE3CB30009299D /* Release */,
			);
			defaultConfigurationIsVisible = 0;
			defaultConfigurationName = Release;
		};
/* End XCConfigurationList section */

/* Begin XCRemoteSwiftPackageReference section */
		CF9868A529FE3CEF0009299D /* XCRemoteSwiftPackageReference "swift-composable-architecture" */ = {
			isa = XCRemoteSwiftPackageReference;
			repositoryURL = "https://github.com/pointfreeco/swift-composable-architecture";
			requirement = {
				kind = upToNextMajorVersion;
				minimumVersion = 0.52.0;
			};
		};
/* End XCRemoteSwiftPackageReference section */

/* Begin XCSwiftPackageProductDependency section */
		CF9868A629FE3CEF0009299D /* ComposableArchitecture */ = {
			isa = XCSwiftPackageProductDependency;
			package = CF9868A529FE3CEF0009299D /* XCRemoteSwiftPackageReference "swift-composable-architecture" */;
			productName = ComposableArchitecture;
		};
/* End XCSwiftPackageProductDependency section */
	};
	rootObject = CF98688C29FE3CB20009299D /* Project object */;
}
